
Microsoft Visual Studio Solution File, Format Version 12.00
# Visual Studio 2012
Project("{8BC9CEB8-8B4A-11D0-8D11-00A0C91BC942}") = "yap03", "yap03\yap03.vcxproj", "{F88173C8-A32A-430E-A4AD-D6117F92AF78}"
EndProject
Global
	GlobalSection(SolutionConfigurationPlatforms) = preSolution
		Debug|Win32 = Debug|Win32
		Release|Win32 = Release|Win32
	EndGlobalSection
	GlobalSection(ProjectConfigurationPlatforms) = postSolution
		{F88173C8-A32A-430E-A4AD-D6117F92AF78}.Debug|Win32.ActiveCfg = Debug|Win32
		{F88173C8-A32A-430E-A4AD-D6117F92AF78}.Debug|Win32.Build.0 = Debug|Win32
		{F88173C8-A32A-430E-A4AD-D6117F92AF78}.Release|Win32.ActiveCfg = Release|Win32
		{F88173C8-A32A-430E-A4AD-D6117F92AF78}.Release|Win32.Build.0 = Release|Win32
	EndGlobalSection
	GlobalSection(SolutionProperties) = preSolution
		HideSolutionNode = FALSE
	EndGlobalSection
EndGlobal
